
Microsoft Visual Studio Solution File, Format Version 12.00
# Visual Studio Version 16
VisualStudioVersion = 16.0.30711.63
MinimumVisualStudioVersion = 10.0.40219.1
Project("{9A19103F-16F7-4668-BE54-9A1E7A4F7556}") = "Greetings", "Greetings.csproj", "{494937C1-A287-40FE-AAE8-B46CBC688CC7}"
EndProject
Project("{9A19103F-16F7-4668-BE54-9A1E7A4F7556}") = "GreetingAppModelLayer", "..\GreetingAppModelLayer\GreetingAppModelLayer.csproj", "{F265645C-7E09-4DEF-96D9-103BC1F20FA6}"
EndProject
Project("{FAE04EC0-301F-11D3-BF4B-00C04F79EFBC}") = "GreetingAppBL", "..\GreetingAppBL\GreetingAppBL.csproj", "{E74CC530-5486-4984-80E3-F7F6DEEEC375}"
EndProject
Project("{FAE04EC0-301F-11D3-BF4B-00C04F79EFBC}") = "GreetingAppRL", "..\GreetingAppRL\GreetingAppRL.csproj", "{76993A9C-8E7C-4F13-8ABC-3AD4B38A9539}"
EndProject
Global
	GlobalSection(SolutionConfigurationPlatforms) = preSolution
		Debug|Any CPU = Debug|Any CPU
		Release|Any CPU = Release|Any CPU
	EndGlobalSection
	GlobalSection(ProjectConfigurationPlatforms) = postSolution
		{494937C1-A287-40FE-AAE8-B46CBC688CC7}.Debug|Any CPU.ActiveCfg = Debug|Any CPU
		{494937C1-A287-40FE-AAE8-B46CBC688CC7}.Debug|Any CPU.Build.0 = Debug|Any CPU
		{494937C1-A287-40FE-AAE8-B46CBC688CC7}.Release|Any CPU.ActiveCfg = Release|Any CPU
		{494937C1-A287-40FE-AAE8-B46CBC688CC7}.Release|Any CPU.Build.0 = Release|Any CPU
		{F265645C-7E09-4DEF-96D9-103BC1F20FA6}.Debug|Any CPU.ActiveCfg = Debug|Any CPU
		{F265645C-7E09-4DEF-96D9-103BC1F20FA6}.Debug|Any CPU.Build.0 = Debug|Any CPU
		{F265645C-7E09-4DEF-96D9-103BC1F20FA6}.Release|Any CPU.ActiveCfg = Release|Any CPU
		{F265645C-7E09-4DEF-96D9-103BC1F20FA6}.Release|Any CPU.Build.0 = Release|Any CPU
		{E74CC530-5486-4984-80E3-F7F6DEEEC375}.Debug|Any CPU.ActiveCfg = Debug|Any CPU
		{E74CC530-5486-4984-80E3-F7F6DEEEC375}.Debug|Any CPU.Build.0 = Debug|Any CPU
		{E74CC530-5486-4984-80E3-F7F6DEEEC375}.Release|Any CPU.ActiveCfg = Release|Any CPU
		{E74CC530-5486-4984-80E3-F7F6DEEEC375}.Release|Any CPU.Build.0 = Release|Any CPU
		{76993A9C-8E7C-4F13-8ABC-3AD4B38A9539}.Debug|Any CPU.ActiveCfg = Debug|Any CPU
		{76993A9C-8E7C-4F13-8ABC-3AD4B38A9539}.Debug|Any CPU.Build.0 = Debug|Any CPU
		{76993A9C-8E7C-4F13-8ABC-3AD4B38A9539}.Release|Any CPU.ActiveCfg = Release|Any CPU
		{76993A9C-8E7C-4F13-8ABC-3AD4B38A9539}.Release|Any CPU.Build.0 = Release|Any CPU
	EndGlobalSection
	GlobalSection(SolutionProperties) = preSolution
		HideSolutionNode = FALSE
	EndGlobalSection
	GlobalSection(ExtensibilityGlobals) = postSolution
		SolutionGuid = {F0BC3725-B927-4F5F-BEF5-EE60DEE9EF95}
	EndGlobalSection
EndGlobal
